{
  "name": "adapt-authoring-content",
  "version": "0.0.1",
  "lockfileVersion": 1,
  "requires": true,
  "dependencies": {
    "adapt-authoring-api": {
      "version": "git+https://github.com/taylortom/adapt-authoring-api.git#642fc6f84fcd5ebb27f79d1d200d69b21884df4c",
      "from": "git+https://github.com/taylortom/adapt-authoring-api.git",
      "requires": {
        "lodash": "^4.17.20"
      }
    },
    "lodash": {
      "version": "4.17.21",
      "resolved": "https://registry.npmjs.org/lodash/-/lodash-4.17.21.tgz",
      "integrity": "sha512-v2kDEe57lecTulaDIuNTPy3Ry4gLGJ6Z1O3vE1krgXZNrsQ+LFTGHVxVjcXPs17LhbZVGedAJv8XZ1tvj5FvSg=="
    }
  }
}
